
Microsoft Visual Studio Solution File, Format Version 12.00
# Visual Studio Version 16
VisualStudioVersion = 16.0.31624.102
MinimumVisualStudioVersion = 10.0.40219.1
Project("{FAE04EC0-301F-11D3-BF4B-00C04F79EFBC}") = "Task01", "Task01\Task01.csproj", "{DB822F66-8EA0-4163-A532-BDC1A7B2B64A}"
EndProject
Global
	GlobalSection(SolutionConfigurationPlatforms) = preSolution
		Debug|Any CPU = Debug|Any CPU
		Release|Any CPU = Release|Any CPU
	EndGlobalSection
	GlobalSection(ProjectConfigurationPlatforms) = postSolution
		{DB822F66-8EA0-4163-A532-BDC1A7B2B64A}.Debug|Any CPU.ActiveCfg = Debug|Any CPU
		{DB822F66-8EA0-4163-A532-BDC1A7B2B64A}.Debug|Any CPU.Build.0 = Debug|Any CPU
		{DB822F66-8EA0-4163-A532-BDC1A7B2B64A}.Release|Any CPU.ActiveCfg = Release|Any CPU
		{DB822F66-8EA0-4163-A532-BDC1A7B2B64A}.Release|Any CPU.Build.0 = Release|Any CPU
	EndGlobalSection
	GlobalSection(SolutionProperties) = preSolution
		HideSolutionNode = FALSE
	EndGlobalSection
	GlobalSection(ExtensibilityGlobals) = postSolution
		SolutionGuid = {D842E486-81EA-4675-858F-7B8C6A9232CC}
	EndGlobalSection
EndGlobal
