
Microsoft Visual Studio Solution File, Format Version 12.00
# Visual Studio Version 16
VisualStudioVersion = 16.0.31624.102
MinimumVisualStudioVersion = 10.0.40219.1
Project("{FAE04EC0-301F-11D3-BF4B-00C04F79EFBC}") = "Task07", "Task07\Task07.csproj", "{9C108871-68A3-47B6-A0E0-2C3FDB605E07}"
EndProject
Global
	GlobalSection(SolutionConfigurationPlatforms) = preSolution
		Debug|Any CPU = Debug|Any CPU
		Release|Any CPU = Release|Any CPU
	EndGlobalSection
	GlobalSection(ProjectConfigurationPlatforms) = postSolution
		{9C108871-68A3-47B6-A0E0-2C3FDB605E07}.Debug|Any CPU.ActiveCfg = Debug|Any CPU
		{9C108871-68A3-47B6-A0E0-2C3FDB605E07}.Debug|Any CPU.Build.0 = Debug|Any CPU
		{9C108871-68A3-47B6-A0E0-2C3FDB605E07}.Release|Any CPU.ActiveCfg = Release|Any CPU
		{9C108871-68A3-47B6-A0E0-2C3FDB605E07}.Release|Any CPU.Build.0 = Release|Any CPU
	EndGlobalSection
	GlobalSection(SolutionProperties) = preSolution
		HideSolutionNode = FALSE
	EndGlobalSection
	GlobalSection(ExtensibilityGlobals) = postSolution
		SolutionGuid = {7F1B741E-6134-489B-A365-A0752A82BB66}
	EndGlobalSection
EndGlobal
