
Microsoft Visual Studio Solution File, Format Version 12.00
# Visual Studio Version 16
VisualStudioVersion = 16.0.31624.102
MinimumVisualStudioVersion = 10.0.40219.1
Project("{FAE04EC0-301F-11D3-BF4B-00C04F79EFBC}") = "Task08", "Task08\Task08.csproj", "{5EA2D704-8C1C-430A-89A1-4BDF2EB2F7DD}"
EndProject
Global
	GlobalSection(SolutionConfigurationPlatforms) = preSolution
		Debug|Any CPU = Debug|Any CPU
		Release|Any CPU = Release|Any CPU
	EndGlobalSection
	GlobalSection(ProjectConfigurationPlatforms) = postSolution
		{5EA2D704-8C1C-430A-89A1-4BDF2EB2F7DD}.Debug|Any CPU.ActiveCfg = Debug|Any CPU
		{5EA2D704-8C1C-430A-89A1-4BDF2EB2F7DD}.Debug|Any CPU.Build.0 = Debug|Any CPU
		{5EA2D704-8C1C-430A-89A1-4BDF2EB2F7DD}.Release|Any CPU.ActiveCfg = Release|Any CPU
		{5EA2D704-8C1C-430A-89A1-4BDF2EB2F7DD}.Release|Any CPU.Build.0 = Release|Any CPU
	EndGlobalSection
	GlobalSection(SolutionProperties) = preSolution
		HideSolutionNode = FALSE
	EndGlobalSection
	GlobalSection(ExtensibilityGlobals) = postSolution
		SolutionGuid = {0AE78F63-0A85-4FCB-9DF1-8415D6404675}
	EndGlobalSection
EndGlobal
