
Microsoft Visual Studio Solution File, Format Version 12.00
# Visual Studio Version 16
VisualStudioVersion = 16.0.31624.102
MinimumVisualStudioVersion = 10.0.40219.1
Project("{FAE04EC0-301F-11D3-BF4B-00C04F79EFBC}") = "Task31", "Task31\Task31.csproj", "{67EF0EBF-4276-4224-932E-50FDD695D34E}"
EndProject
Global
	GlobalSection(SolutionConfigurationPlatforms) = preSolution
		Debug|Any CPU = Debug|Any CPU
		Release|Any CPU = Release|Any CPU
	EndGlobalSection
	GlobalSection(ProjectConfigurationPlatforms) = postSolution
		{67EF0EBF-4276-4224-932E-50FDD695D34E}.Debug|Any CPU.ActiveCfg = Debug|Any CPU
		{67EF0EBF-4276-4224-932E-50FDD695D34E}.Debug|Any CPU.Build.0 = Debug|Any CPU
		{67EF0EBF-4276-4224-932E-50FDD695D34E}.Release|Any CPU.ActiveCfg = Release|Any CPU
		{67EF0EBF-4276-4224-932E-50FDD695D34E}.Release|Any CPU.Build.0 = Release|Any CPU
	EndGlobalSection
	GlobalSection(SolutionProperties) = preSolution
		HideSolutionNode = FALSE
	EndGlobalSection
	GlobalSection(ExtensibilityGlobals) = postSolution
		SolutionGuid = {5AEE1273-2511-4BBC-BCB9-81D1DE75C1C9}
	EndGlobalSection
EndGlobal
