
Microsoft Visual Studio Solution File, Format Version 12.00
# Visual Studio Version 16
VisualStudioVersion = 16.0.31624.102
MinimumVisualStudioVersion = 10.0.40219.1
Project("{FAE04EC0-301F-11D3-BF4B-00C04F79EFBC}") = "Task35", "Task35\Task35.csproj", "{979FAF24-6E44-4AB7-AF86-56378E329C67}"
EndProject
Global
	GlobalSection(SolutionConfigurationPlatforms) = preSolution
		Debug|Any CPU = Debug|Any CPU
		Release|Any CPU = Release|Any CPU
	EndGlobalSection
	GlobalSection(ProjectConfigurationPlatforms) = postSolution
		{979FAF24-6E44-4AB7-AF86-56378E329C67}.Debug|Any CPU.ActiveCfg = Debug|Any CPU
		{979FAF24-6E44-4AB7-AF86-56378E329C67}.Debug|Any CPU.Build.0 = Debug|Any CPU
		{979FAF24-6E44-4AB7-AF86-56378E329C67}.Release|Any CPU.ActiveCfg = Release|Any CPU
		{979FAF24-6E44-4AB7-AF86-56378E329C67}.Release|Any CPU.Build.0 = Release|Any CPU
	EndGlobalSection
	GlobalSection(SolutionProperties) = preSolution
		HideSolutionNode = FALSE
	EndGlobalSection
	GlobalSection(ExtensibilityGlobals) = postSolution
		SolutionGuid = {1E1F73F4-AA1B-48D4-8383-7374CBD76032}
	EndGlobalSection
EndGlobal
