
Microsoft Visual Studio Solution File, Format Version 12.00
# Visual Studio Version 16
VisualStudioVersion = 16.0.31702.278
MinimumVisualStudioVersion = 10.0.40219.1
Project("{FAE04EC0-301F-11D3-BF4B-00C04F79EFBC}") = "Task43", "Task43\Task43.csproj", "{8EA8C5EB-429A-4799-9C49-54D02E39B656}"
EndProject
Global
	GlobalSection(SolutionConfigurationPlatforms) = preSolution
		Debug|Any CPU = Debug|Any CPU
		Release|Any CPU = Release|Any CPU
	EndGlobalSection
	GlobalSection(ProjectConfigurationPlatforms) = postSolution
		{8EA8C5EB-429A-4799-9C49-54D02E39B656}.Debug|Any CPU.ActiveCfg = Debug|Any CPU
		{8EA8C5EB-429A-4799-9C49-54D02E39B656}.Debug|Any CPU.Build.0 = Debug|Any CPU
		{8EA8C5EB-429A-4799-9C49-54D02E39B656}.Release|Any CPU.ActiveCfg = Release|Any CPU
		{8EA8C5EB-429A-4799-9C49-54D02E39B656}.Release|Any CPU.Build.0 = Release|Any CPU
	EndGlobalSection
	GlobalSection(SolutionProperties) = preSolution
		HideSolutionNode = FALSE
	EndGlobalSection
	GlobalSection(ExtensibilityGlobals) = postSolution
		SolutionGuid = {4A399743-467A-4F9A-9FDC-DDAA00A4B641}
	EndGlobalSection
EndGlobal
