
Microsoft Visual Studio Solution File, Format Version 12.00
# Visual Studio Version 16
VisualStudioVersion = 16.0.31624.102
MinimumVisualStudioVersion = 10.0.40219.1
Project("{FAE04EC0-301F-11D3-BF4B-00C04F79EFBC}") = "Task21", "Task21\Task21.csproj", "{6DE41874-D562-43E5-8497-6A5478B4A94A}"
EndProject
Global
	GlobalSection(SolutionConfigurationPlatforms) = preSolution
		Debug|Any CPU = Debug|Any CPU
		Release|Any CPU = Release|Any CPU
	EndGlobalSection
	GlobalSection(ProjectConfigurationPlatforms) = postSolution
		{6DE41874-D562-43E5-8497-6A5478B4A94A}.Debug|Any CPU.ActiveCfg = Debug|Any CPU
		{6DE41874-D562-43E5-8497-6A5478B4A94A}.Debug|Any CPU.Build.0 = Debug|Any CPU
		{6DE41874-D562-43E5-8497-6A5478B4A94A}.Release|Any CPU.ActiveCfg = Release|Any CPU
		{6DE41874-D562-43E5-8497-6A5478B4A94A}.Release|Any CPU.Build.0 = Release|Any CPU
	EndGlobalSection
	GlobalSection(SolutionProperties) = preSolution
		HideSolutionNode = FALSE
	EndGlobalSection
	GlobalSection(ExtensibilityGlobals) = postSolution
		SolutionGuid = {50DD1CE2-F47B-48A0-943E-DBA1D00582DC}
	EndGlobalSection
EndGlobal
