
Microsoft Visual Studio Solution File, Format Version 12.00
# Visual Studio Version 16
VisualStudioVersion = 16.0.31702.278
MinimumVisualStudioVersion = 10.0.40219.1
Project("{FAE04EC0-301F-11D3-BF4B-00C04F79EFBC}") = "Task44", "Task44\Task44.csproj", "{7508A0AB-740E-4CA9-A731-B40F52EF3939}"
EndProject
Global
	GlobalSection(SolutionConfigurationPlatforms) = preSolution
		Debug|Any CPU = Debug|Any CPU
		Release|Any CPU = Release|Any CPU
	EndGlobalSection
	GlobalSection(ProjectConfigurationPlatforms) = postSolution
		{7508A0AB-740E-4CA9-A731-B40F52EF3939}.Debug|Any CPU.ActiveCfg = Debug|Any CPU
		{7508A0AB-740E-4CA9-A731-B40F52EF3939}.Debug|Any CPU.Build.0 = Debug|Any CPU
		{7508A0AB-740E-4CA9-A731-B40F52EF3939}.Release|Any CPU.ActiveCfg = Release|Any CPU
		{7508A0AB-740E-4CA9-A731-B40F52EF3939}.Release|Any CPU.Build.0 = Release|Any CPU
	EndGlobalSection
	GlobalSection(SolutionProperties) = preSolution
		HideSolutionNode = FALSE
	EndGlobalSection
	GlobalSection(ExtensibilityGlobals) = postSolution
		SolutionGuid = {B0EF36D5-55EB-4A17-9537-F9F4FC1BC8E1}
	EndGlobalSection
EndGlobal
