
Microsoft Visual Studio Solution File, Format Version 12.00
# Visual Studio Version 16
VisualStudioVersion = 16.0.31624.102
MinimumVisualStudioVersion = 10.0.40219.1
Project("{FAE04EC0-301F-11D3-BF4B-00C04F79EFBC}") = "Task42", "Task42\Task42.csproj", "{3F7B7D82-6CD4-4111-8E59-62C99AC64C94}"
EndProject
Global
	GlobalSection(SolutionConfigurationPlatforms) = preSolution
		Debug|Any CPU = Debug|Any CPU
		Release|Any CPU = Release|Any CPU
	EndGlobalSection
	GlobalSection(ProjectConfigurationPlatforms) = postSolution
		{3F7B7D82-6CD4-4111-8E59-62C99AC64C94}.Debug|Any CPU.ActiveCfg = Debug|Any CPU
		{3F7B7D82-6CD4-4111-8E59-62C99AC64C94}.Debug|Any CPU.Build.0 = Debug|Any CPU
		{3F7B7D82-6CD4-4111-8E59-62C99AC64C94}.Release|Any CPU.ActiveCfg = Release|Any CPU
		{3F7B7D82-6CD4-4111-8E59-62C99AC64C94}.Release|Any CPU.Build.0 = Release|Any CPU
	EndGlobalSection
	GlobalSection(SolutionProperties) = preSolution
		HideSolutionNode = FALSE
	EndGlobalSection
	GlobalSection(ExtensibilityGlobals) = postSolution
		SolutionGuid = {D0CDA5E5-A9DA-4612-88AE-CF034B95B4E3}
	EndGlobalSection
EndGlobal
