
Microsoft Visual Studio Solution File, Format Version 12.00
# Visual Studio Version 16
VisualStudioVersion = 16.0.31624.102
MinimumVisualStudioVersion = 10.0.40219.1
Project("{FAE04EC0-301F-11D3-BF4B-00C04F79EFBC}") = "Task16", "Task16\Task16.csproj", "{AEAD1EF3-A6B4-419D-9A6D-966BCD1613E6}"
EndProject
Global
	GlobalSection(SolutionConfigurationPlatforms) = preSolution
		Debug|Any CPU = Debug|Any CPU
		Release|Any CPU = Release|Any CPU
	EndGlobalSection
	GlobalSection(ProjectConfigurationPlatforms) = postSolution
		{AEAD1EF3-A6B4-419D-9A6D-966BCD1613E6}.Debug|Any CPU.ActiveCfg = Debug|Any CPU
		{AEAD1EF3-A6B4-419D-9A6D-966BCD1613E6}.Debug|Any CPU.Build.0 = Debug|Any CPU
		{AEAD1EF3-A6B4-419D-9A6D-966BCD1613E6}.Release|Any CPU.ActiveCfg = Release|Any CPU
		{AEAD1EF3-A6B4-419D-9A6D-966BCD1613E6}.Release|Any CPU.Build.0 = Release|Any CPU
	EndGlobalSection
	GlobalSection(SolutionProperties) = preSolution
		HideSolutionNode = FALSE
	EndGlobalSection
	GlobalSection(ExtensibilityGlobals) = postSolution
		SolutionGuid = {1C5B13C5-5E1D-4916-94E1-E3F8A06B013E}
	EndGlobalSection
EndGlobal
