
Microsoft Visual Studio Solution File, Format Version 12.00
# Visual Studio Version 16
VisualStudioVersion = 16.0.31624.102
MinimumVisualStudioVersion = 10.0.40219.1
Project("{FAE04EC0-301F-11D3-BF4B-00C04F79EFBC}") = "Task38", "Task38\Task38.csproj", "{DBB5DEB3-97B9-4830-86D7-E2F9BCA3E492}"
EndProject
Global
	GlobalSection(SolutionConfigurationPlatforms) = preSolution
		Debug|Any CPU = Debug|Any CPU
		Release|Any CPU = Release|Any CPU
	EndGlobalSection
	GlobalSection(ProjectConfigurationPlatforms) = postSolution
		{DBB5DEB3-97B9-4830-86D7-E2F9BCA3E492}.Debug|Any CPU.ActiveCfg = Debug|Any CPU
		{DBB5DEB3-97B9-4830-86D7-E2F9BCA3E492}.Debug|Any CPU.Build.0 = Debug|Any CPU
		{DBB5DEB3-97B9-4830-86D7-E2F9BCA3E492}.Release|Any CPU.ActiveCfg = Release|Any CPU
		{DBB5DEB3-97B9-4830-86D7-E2F9BCA3E492}.Release|Any CPU.Build.0 = Release|Any CPU
	EndGlobalSection
	GlobalSection(SolutionProperties) = preSolution
		HideSolutionNode = FALSE
	EndGlobalSection
	GlobalSection(ExtensibilityGlobals) = postSolution
		SolutionGuid = {11D22522-88D3-4310-8E25-315E1E0C91B6}
	EndGlobalSection
EndGlobal
