
Microsoft Visual Studio Solution File, Format Version 12.00
# Visual Studio Version 16
VisualStudioVersion = 16.0.31624.102
MinimumVisualStudioVersion = 10.0.40219.1
Project("{FAE04EC0-301F-11D3-BF4B-00C04F79EFBC}") = "Task33", "Task33\Task33.csproj", "{1E71CC95-2125-4A6C-A107-D6812BF95E0E}"
EndProject
Global
	GlobalSection(SolutionConfigurationPlatforms) = preSolution
		Debug|Any CPU = Debug|Any CPU
		Release|Any CPU = Release|Any CPU
	EndGlobalSection
	GlobalSection(ProjectConfigurationPlatforms) = postSolution
		{1E71CC95-2125-4A6C-A107-D6812BF95E0E}.Debug|Any CPU.ActiveCfg = Debug|Any CPU
		{1E71CC95-2125-4A6C-A107-D6812BF95E0E}.Debug|Any CPU.Build.0 = Debug|Any CPU
		{1E71CC95-2125-4A6C-A107-D6812BF95E0E}.Release|Any CPU.ActiveCfg = Release|Any CPU
		{1E71CC95-2125-4A6C-A107-D6812BF95E0E}.Release|Any CPU.Build.0 = Release|Any CPU
	EndGlobalSection
	GlobalSection(SolutionProperties) = preSolution
		HideSolutionNode = FALSE
	EndGlobalSection
	GlobalSection(ExtensibilityGlobals) = postSolution
		SolutionGuid = {E6CF9AAF-CC47-40E3-A236-ADC826A707BB}
	EndGlobalSection
EndGlobal
