
Microsoft Visual Studio Solution File, Format Version 12.00
# Visual Studio Version 16
VisualStudioVersion = 16.0.31624.102
MinimumVisualStudioVersion = 10.0.40219.1
Project("{FAE04EC0-301F-11D3-BF4B-00C04F79EFBC}") = "Task39", "Task39\Task39.csproj", "{A21530AC-8453-4F33-BCD9-AE669524609C}"
EndProject
Global
	GlobalSection(SolutionConfigurationPlatforms) = preSolution
		Debug|Any CPU = Debug|Any CPU
		Release|Any CPU = Release|Any CPU
	EndGlobalSection
	GlobalSection(ProjectConfigurationPlatforms) = postSolution
		{A21530AC-8453-4F33-BCD9-AE669524609C}.Debug|Any CPU.ActiveCfg = Debug|Any CPU
		{A21530AC-8453-4F33-BCD9-AE669524609C}.Debug|Any CPU.Build.0 = Debug|Any CPU
		{A21530AC-8453-4F33-BCD9-AE669524609C}.Release|Any CPU.ActiveCfg = Release|Any CPU
		{A21530AC-8453-4F33-BCD9-AE669524609C}.Release|Any CPU.Build.0 = Release|Any CPU
	EndGlobalSection
	GlobalSection(SolutionProperties) = preSolution
		HideSolutionNode = FALSE
	EndGlobalSection
	GlobalSection(ExtensibilityGlobals) = postSolution
		SolutionGuid = {C825F622-8E81-4F11-9150-8642B72A8299}
	EndGlobalSection
EndGlobal
